
Microsoft Visual Studio Solution File, Format Version 12.00
# Visual Studio Version 17
VisualStudioVersion = 17.4.33213.308
MinimumVisualStudioVersion = 10.0.40219.1
Project("{9A19103F-16F7-4668-BE54-9A1E7A4F7556}") = "InventoryFoxApp", "InventoryFoxApp.csproj", "{B2A95C4E-BA31-4401-9161-CE8C2B41B52E}"
EndProject
Global
	GlobalSection(SolutionConfigurationPlatforms) = preSolution
		Debug|Any CPU = Debug|Any CPU
		Release|Any CPU = Release|Any CPU
	EndGlobalSection
	GlobalSection(ProjectConfigurationPlatforms) = postSolution
		{B2A95C4E-BA31-4401-9161-CE8C2B41B52E}.Debug|Any CPU.ActiveCfg = Debug|Any CPU
		{B2A95C4E-BA31-4401-9161-CE8C2B41B52E}.Debug|Any CPU.Build.0 = Debug|Any CPU
		{B2A95C4E-BA31-4401-9161-CE8C2B41B52E}.Debug|Any CPU.Deploy.0 = Debug|Any CPU
		{B2A95C4E-BA31-4401-9161-CE8C2B41B52E}.Release|Any CPU.ActiveCfg = Release|Any CPU
		{B2A95C4E-BA31-4401-9161-CE8C2B41B52E}.Release|Any CPU.Build.0 = Release|Any CPU
	EndGlobalSection
	GlobalSection(SolutionProperties) = preSolution
		HideSolutionNode = FALSE
	EndGlobalSection
	GlobalSection(ExtensibilityGlobals) = postSolution
		SolutionGuid = {22B09F86-AAD6-4216-9B74-B80B8691D9B4}
	EndGlobalSection
EndGlobal
